
Microsoft Visual Studio Solution File, Format Version 12.00
# Visual Studio Version 16
VisualStudioVersion = 16.0.31624.102
MinimumVisualStudioVersion = 10.0.40219.1
Project("{FAE04EC0-301F-11D3-BF4B-00C04F79EFBC}") = "YetAnotherRoguelike", "YetAnotherRoguelike.csproj", "{7262BA92-8C8A-405C-AE11-014E8431A107}"
EndProject
Global
	GlobalSection(SolutionConfigurationPlatforms) = preSolution
		Debug|Any CPU = Debug|Any CPU
		Release|Any CPU = Release|Any CPU
	EndGlobalSection
	GlobalSection(ProjectConfigurationPlatforms) = postSolution
		{7262BA92-8C8A-405C-AE11-014E8431A107}.Debug|Any CPU.ActiveCfg = Debug|Any CPU
		{7262BA92-8C8A-405C-AE11-014E8431A107}.Debug|Any CPU.Build.0 = Debug|Any CPU
		{7262BA92-8C8A-405C-AE11-014E8431A107}.Release|Any CPU.ActiveCfg = Release|Any CPU
		{7262BA92-8C8A-405C-AE11-014E8431A107}.Release|Any CPU.Build.0 = Release|Any CPU
	EndGlobalSection
	GlobalSection(SolutionProperties) = preSolution
		HideSolutionNode = FALSE
	EndGlobalSection
	GlobalSection(ExtensibilityGlobals) = postSolution
		SolutionGuid = {0E2A91AA-515E-44FA-AE59-E6FE455ABDF8}
	EndGlobalSection
EndGlobal
